
Microsoft Visual Studio Solution File, Format Version 12.00
# Visual Studio 14
VisualStudioVersion = 14.0.25420.1
MinimumVisualStudioVersion = 10.0.40219.1
Project("{FAE04EC0-301F-11D3-BF4B-00C04F79EFBC}") = "Api", "Api\Api.csproj", "{2DA87E07-1878-4F4E-9AAD-4645E6E69D57}"
EndProject
Project("{FAE04EC0-301F-11D3-BF4B-00C04F79EFBC}") = "UnitTestProject2", "UnitTestProject2\UnitTestProject2.csproj", "{8D926E39-16FE-4E6C-B493-3C87EB0A6205}"
EndProject
Global
	GlobalSection(SolutionConfigurationPlatforms) = preSolution
		Debug|Any CPU = Debug|Any CPU
		Release|Any CPU = Release|Any CPU
	EndGlobalSection
	GlobalSection(ProjectConfigurationPlatforms) = postSolution
		{2DA87E07-1878-4F4E-9AAD-4645E6E69D57}.Debug|Any CPU.ActiveCfg = Debug|Any CPU
		{2DA87E07-1878-4F4E-9AAD-4645E6E69D57}.Debug|Any CPU.Build.0 = Debug|Any CPU
		{2DA87E07-1878-4F4E-9AAD-4645E6E69D57}.Release|Any CPU.ActiveCfg = Release|Any CPU
		{2DA87E07-1878-4F4E-9AAD-4645E6E69D57}.Release|Any CPU.Build.0 = Release|Any CPU
		{8D926E39-16FE-4E6C-B493-3C87EB0A6205}.Debug|Any CPU.ActiveCfg = Debug|Any CPU
		{8D926E39-16FE-4E6C-B493-3C87EB0A6205}.Debug|Any CPU.Build.0 = Debug|Any CPU
		{8D926E39-16FE-4E6C-B493-3C87EB0A6205}.Release|Any CPU.ActiveCfg = Release|Any CPU
		{8D926E39-16FE-4E6C-B493-3C87EB0A6205}.Release|Any CPU.Build.0 = Release|Any CPU
	EndGlobalSection
	GlobalSection(SolutionProperties) = preSolution
		HideSolutionNode = FALSE
	EndGlobalSection
EndGlobal
